Microsoft Visual Studio Solution File, Format Version 12.00
# Visual Studio Version 17
VisualStudioVersion = 17.5.2.0
MinimumVisualStudioVersion = 10.0.40219.1
Project("{FAE04EC0-301F-11D3-BF4B-00C04F79EFBC}") = "PetStore", "PetStore.csproj", "{AF17AF60-8BA8-4FDD-7B68-5C0932F0585C}"
EndProject
Global
	GlobalSection(SolutionConfigurationPlatforms) = preSolution
		Debug|Any CPU = Debug|Any CPU
		Release|Any CPU = Release|Any CPU
	EndGlobalSection
	GlobalSection(ProjectConfigurationPlatforms) = postSolution
		{AF17AF60-8BA8-4FDD-7B68-5C0932F0585C}.Debug|Any CPU.ActiveCfg = Debug|Any CPU
		{AF17AF60-8BA8-4FDD-7B68-5C0932F0585C}.Debug|Any CPU.Build.0 = Debug|Any CPU
		{AF17AF60-8BA8-4FDD-7B68-5C0932F0585C}.Release|Any CPU.ActiveCfg = Release|Any CPU
		{AF17AF60-8BA8-4FDD-7B68-5C0932F0585C}.Release|Any CPU.Build.0 = Release|Any CPU
	EndGlobalSection
	GlobalSection(SolutionProperties) = preSolution
		HideSolutionNode = FALSE
	EndGlobalSection
	GlobalSection(ExtensibilityGlobals) = postSolution
		SolutionGuid = {9535F564-5EE7-4310-A06B-4E17CC6402D3}
	EndGlobalSection
EndGlobal
